
Microsoft Visual Studio Solution File, Format Version 12.00
# Visual Studio Version 17
VisualStudioVersion = 17.2.32526.322
MinimumVisualStudioVersion = 10.0.40219.1
Project("{FAE04EC0-301F-11D3-BF4B-00C04F79EFBC}") = "Archivos", "Archivos\Archivos.csproj", "{6F990B6C-F682-49F9-A806-D830C9F55AE2}"
EndProject
Global
	GlobalSection(SolutionConfigurationPlatforms) = preSolution
		Debug|Any CPU = Debug|Any CPU
		Release|Any CPU = Release|Any CPU
	EndGlobalSection
	GlobalSection(ProjectConfigurationPlatforms) = postSolution
		{6F990B6C-F682-49F9-A806-D830C9F55AE2}.Debug|Any CPU.ActiveCfg = Debug|Any CPU
		{6F990B6C-F682-49F9-A806-D830C9F55AE2}.Debug|Any CPU.Build.0 = Debug|Any CPU
		{6F990B6C-F682-49F9-A806-D830C9F55AE2}.Release|Any CPU.ActiveCfg = Release|Any CPU
		{6F990B6C-F682-49F9-A806-D830C9F55AE2}.Release|Any CPU.Build.0 = Release|Any CPU
	EndGlobalSection
	GlobalSection(SolutionProperties) = preSolution
		HideSolutionNode = FALSE
	EndGlobalSection
	GlobalSection(ExtensibilityGlobals) = postSolution
		SolutionGuid = {E3C46695-12B9-43D0-9635-680D911A99A1}
	EndGlobalSection
EndGlobal
