
Microsoft Visual Studio Solution File, Format Version 12.00
# Visual Studio Version 17
VisualStudioVersion = 17.2.32519.379
MinimumVisualStudioVersion = 10.0.40219.1
Project("{9A19103F-16F7-4668-BE54-9A1E7A4F7556}") = "POO", "POO\POO.csproj", "{772563DF-C7CA-4154-BBB3-043E01D31145}"
EndProject
Project("{FAE04EC0-301F-11D3-BF4B-00C04F79EFBC}") = "Utilidades", "Utilidades\Utilidades.csproj", "{55473E3A-B6E7-4B71-AF32-EBD7B4076991}"
EndProject
Global
	GlobalSection(SolutionConfigurationPlatforms) = preSolution
		Debug|Any CPU = Debug|Any CPU
		Release|Any CPU = Release|Any CPU
	EndGlobalSection
	GlobalSection(ProjectConfigurationPlatforms) = postSolution
		{772563DF-C7CA-4154-BBB3-043E01D31145}.Debug|Any CPU.ActiveCfg = Debug|Any CPU
		{772563DF-C7CA-4154-BBB3-043E01D31145}.Debug|Any CPU.Build.0 = Debug|Any CPU
		{772563DF-C7CA-4154-BBB3-043E01D31145}.Release|Any CPU.ActiveCfg = Release|Any CPU
		{772563DF-C7CA-4154-BBB3-043E01D31145}.Release|Any CPU.Build.0 = Release|Any CPU
		{55473E3A-B6E7-4B71-AF32-EBD7B4076991}.Debug|Any CPU.ActiveCfg = Debug|Any CPU
		{55473E3A-B6E7-4B71-AF32-EBD7B4076991}.Debug|Any CPU.Build.0 = Debug|Any CPU
		{55473E3A-B6E7-4B71-AF32-EBD7B4076991}.Release|Any CPU.ActiveCfg = Release|Any CPU
		{55473E3A-B6E7-4B71-AF32-EBD7B4076991}.Release|Any CPU.Build.0 = Release|Any CPU
	EndGlobalSection
	GlobalSection(SolutionProperties) = preSolution
		HideSolutionNode = FALSE
	EndGlobalSection
	GlobalSection(ExtensibilityGlobals) = postSolution
		SolutionGuid = {B505F726-C769-489D-BDFC-7950B222B56E}
	EndGlobalSection
EndGlobal
