
Microsoft Visual Studio Solution File, Format Version 12.00
# Visual Studio Version 17
VisualStudioVersion = 17.1.32414.318
MinimumVisualStudioVersion = 10.0.40219.1
Project("{9A19103F-16F7-4668-BE54-9A1E7A4F7556}") = "Clases", "Clases\Clases.csproj", "{8D23CBBD-0450-4CF2-AFDB-56DFA5E2DB2A}"
EndProject
Project("{FAE04EC0-301F-11D3-BF4B-00C04F79EFBC}") = "Pruebas", "Pruebas\Pruebas.csproj", "{EBFD9E55-B822-4433-9B9D-529217788763}"
EndProject
Global
	GlobalSection(SolutionConfigurationPlatforms) = preSolution
		Debug|Any CPU = Debug|Any CPU
		Release|Any CPU = Release|Any CPU
	EndGlobalSection
	GlobalSection(ProjectConfigurationPlatforms) = postSolution
		{8D23CBBD-0450-4CF2-AFDB-56DFA5E2DB2A}.Debug|Any CPU.ActiveCfg = Debug|Any CPU
		{8D23CBBD-0450-4CF2-AFDB-56DFA5E2DB2A}.Debug|Any CPU.Build.0 = Debug|Any CPU
		{8D23CBBD-0450-4CF2-AFDB-56DFA5E2DB2A}.Release|Any CPU.ActiveCfg = Release|Any CPU
		{8D23CBBD-0450-4CF2-AFDB-56DFA5E2DB2A}.Release|Any CPU.Build.0 = Release|Any CPU
		{EBFD9E55-B822-4433-9B9D-529217788763}.Debug|Any CPU.ActiveCfg = Debug|Any CPU
		{EBFD9E55-B822-4433-9B9D-529217788763}.Debug|Any CPU.Build.0 = Debug|Any CPU
		{EBFD9E55-B822-4433-9B9D-529217788763}.Release|Any CPU.ActiveCfg = Release|Any CPU
		{EBFD9E55-B822-4433-9B9D-529217788763}.Release|Any CPU.Build.0 = Release|Any CPU
	EndGlobalSection
	GlobalSection(SolutionProperties) = preSolution
		HideSolutionNode = FALSE
	EndGlobalSection
	GlobalSection(ExtensibilityGlobals) = postSolution
		SolutionGuid = {F004E429-4482-43DA-96E4-2AA39D3425D7}
	EndGlobalSection
EndGlobal
