
Microsoft Visual Studio Solution File, Format Version 12.00
# Visual Studio Version 17
VisualStudioVersion = 17.2.32526.322
MinimumVisualStudioVersion = 10.0.40219.1
Project("{FAE04EC0-301F-11D3-BF4B-00C04F79EFBC}") = "TemasAdicionales", "TemasAdicionales\TemasAdicionales.csproj", "{D7BF6BDF-7C84-439D-ACFA-5957CA64A288}"
EndProject
Project("{FAE04EC0-301F-11D3-BF4B-00C04F79EFBC}") = "API", "API\API.csproj", "{C6C7E611-4F0D-4256-A21A-C12E2A36FB20}"
EndProject
Project("{FAE04EC0-301F-11D3-BF4B-00C04F79EFBC}") = "Entidades", "Entidades\Entidades.csproj", "{DEC12408-BB48-4710-9DDA-105C0AC2112A}"
EndProject
Global
	GlobalSection(SolutionConfigurationPlatforms) = preSolution
		Debug|Any CPU = Debug|Any CPU
		Release|Any CPU = Release|Any CPU
	EndGlobalSection
	GlobalSection(ProjectConfigurationPlatforms) = postSolution
		{D7BF6BDF-7C84-439D-ACFA-5957CA64A288}.Debug|Any CPU.ActiveCfg = Debug|Any CPU
		{D7BF6BDF-7C84-439D-ACFA-5957CA64A288}.Debug|Any CPU.Build.0 = Debug|Any CPU
		{D7BF6BDF-7C84-439D-ACFA-5957CA64A288}.Release|Any CPU.ActiveCfg = Release|Any CPU
		{D7BF6BDF-7C84-439D-ACFA-5957CA64A288}.Release|Any CPU.Build.0 = Release|Any CPU
		{C6C7E611-4F0D-4256-A21A-C12E2A36FB20}.Debug|Any CPU.ActiveCfg = Debug|Any CPU
		{C6C7E611-4F0D-4256-A21A-C12E2A36FB20}.Debug|Any CPU.Build.0 = Debug|Any CPU
		{C6C7E611-4F0D-4256-A21A-C12E2A36FB20}.Release|Any CPU.ActiveCfg = Release|Any CPU
		{C6C7E611-4F0D-4256-A21A-C12E2A36FB20}.Release|Any CPU.Build.0 = Release|Any CPU
		{DEC12408-BB48-4710-9DDA-105C0AC2112A}.Debug|Any CPU.ActiveCfg = Debug|Any CPU
		{DEC12408-BB48-4710-9DDA-105C0AC2112A}.Debug|Any CPU.Build.0 = Debug|Any CPU
		{DEC12408-BB48-4710-9DDA-105C0AC2112A}.Release|Any CPU.ActiveCfg = Release|Any CPU
		{DEC12408-BB48-4710-9DDA-105C0AC2112A}.Release|Any CPU.Build.0 = Release|Any CPU
	EndGlobalSection
	GlobalSection(SolutionProperties) = preSolution
		HideSolutionNode = FALSE
	EndGlobalSection
	GlobalSection(ExtensibilityGlobals) = postSolution
		SolutionGuid = {A76F99B6-C41C-4912-9A9D-620C3BAA8E04}
	EndGlobalSection
EndGlobal
