
Microsoft Visual Studio Solution File, Format Version 12.00
# Visual Studio Version 17
VisualStudioVersion = 17.2.32526.322
MinimumVisualStudioVersion = 10.0.40219.1
Project("{9A19103F-16F7-4668-BE54-9A1E7A4F7556}") = "Reflexion", "Reflexion\Reflexion.csproj", "{3B9715D5-7F61-40AA-951B-28057907D423}"
EndProject
Project("{FAE04EC0-301F-11D3-BF4B-00C04F79EFBC}") = "Generador", "Generador\Generador.csproj", "{850CFC61-35FB-432D-A3DA-3A5F85240EBC}"
EndProject
Global
	GlobalSection(SolutionConfigurationPlatforms) = preSolution
		Debug|Any CPU = Debug|Any CPU
		Release|Any CPU = Release|Any CPU
	EndGlobalSection
	GlobalSection(ProjectConfigurationPlatforms) = postSolution
		{3B9715D5-7F61-40AA-951B-28057907D423}.Debug|Any CPU.ActiveCfg = Debug|Any CPU
		{3B9715D5-7F61-40AA-951B-28057907D423}.Debug|Any CPU.Build.0 = Debug|Any CPU
		{3B9715D5-7F61-40AA-951B-28057907D423}.Release|Any CPU.ActiveCfg = Release|Any CPU
		{3B9715D5-7F61-40AA-951B-28057907D423}.Release|Any CPU.Build.0 = Release|Any CPU
		{850CFC61-35FB-432D-A3DA-3A5F85240EBC}.Debug|Any CPU.ActiveCfg = Debug|Any CPU
		{850CFC61-35FB-432D-A3DA-3A5F85240EBC}.Debug|Any CPU.Build.0 = Debug|Any CPU
		{850CFC61-35FB-432D-A3DA-3A5F85240EBC}.Release|Any CPU.ActiveCfg = Release|Any CPU
		{850CFC61-35FB-432D-A3DA-3A5F85240EBC}.Release|Any CPU.Build.0 = Release|Any CPU
	EndGlobalSection
	GlobalSection(SolutionProperties) = preSolution
		HideSolutionNode = FALSE
	EndGlobalSection
	GlobalSection(ExtensibilityGlobals) = postSolution
		SolutionGuid = {1850C0DC-CE6A-4907-A784-36E1BF6585D7}
	EndGlobalSection
EndGlobal
