
Microsoft Visual Studio Solution File, Format Version 12.00
# Visual Studio Version 17
VisualStudioVersion = 17.2.32526.322
MinimumVisualStudioVersion = 10.0.40219.1
Project("{FAE04EC0-301F-11D3-BF4B-00C04F79EFBC}") = "AdoNetApp", "AdoNetApp\AdoNetApp.csproj", "{9CD0E318-5572-460F-8D43-EC39F2D0BF5F}"
EndProject
Global
	GlobalSection(SolutionConfigurationPlatforms) = preSolution
		Debug|Any CPU = Debug|Any CPU
		Release|Any CPU = Release|Any CPU
	EndGlobalSection
	GlobalSection(ProjectConfigurationPlatforms) = postSolution
		{9CD0E318-5572-460F-8D43-EC39F2D0BF5F}.Debug|Any CPU.ActiveCfg = Debug|Any CPU
		{9CD0E318-5572-460F-8D43-EC39F2D0BF5F}.Debug|Any CPU.Build.0 = Debug|Any CPU
		{9CD0E318-5572-460F-8D43-EC39F2D0BF5F}.Release|Any CPU.ActiveCfg = Release|Any CPU
		{9CD0E318-5572-460F-8D43-EC39F2D0BF5F}.Release|Any CPU.Build.0 = Release|Any CPU
	EndGlobalSection
	GlobalSection(SolutionProperties) = preSolution
		HideSolutionNode = FALSE
	EndGlobalSection
	GlobalSection(ExtensibilityGlobals) = postSolution
		SolutionGuid = {D222800B-C5EA-4B01-A0F6-4719F017ACA9}
	EndGlobalSection
EndGlobal
